
Microsoft Visual Studio Solution File, Format Version 12.00
# Visual Studio 2012
Project("{FAE04EC0-301F-11D3-BF4B-00C04F79EFBC}") = "TestMvvmCross.Core", "TestMvvmCross.Core\TestMvvmCross.Core.csproj", "{25E041F1-2983-42E3-A02B-9A844304481D}"
EndProject
Project("{FAE04EC0-301F-11D3-BF4B-00C04F79EFBC}") = "TestMvvmCross.Droid", "TestMvvmCross.Droid\TestMvvmCross.Droid.csproj", "{6C536317-0885-47C2-B645-FF8F7E79C36B}"
EndProject
Project("{FAE04EC0-301F-11D3-BF4B-00C04F79EFBC}") = "TestMvvmCross.Touch", "TestMvvmCross.Touch\TestMvvmCross.Touch.csproj", "{240CBD93-3651-4709-9839-1FB6375E403B}"
EndProject
Global
	GlobalSection(SolutionConfigurationPlatforms) = preSolution
		Ad-Hoc|Any CPU = Ad-Hoc|Any CPU
		Ad-Hoc|iPhone = Ad-Hoc|iPhone
		Ad-Hoc|iPhoneSimulator = Ad-Hoc|iPhoneSimulator
		Ad-Hoc|Mixed Platforms = Ad-Hoc|Mixed Platforms
		AppStore|Any CPU = AppStore|Any CPU
		AppStore|iPhone = AppStore|iPhone
		AppStore|iPhoneSimulator = AppStore|iPhoneSimulator
		AppStore|Mixed Platforms = AppStore|Mixed Platforms
		Debug|Any CPU = Debug|Any CPU
		Debug|iPhone = Debug|iPhone
		Debug|iPhoneSimulator = Debug|iPhoneSimulator
		Debug|Mixed Platforms = Debug|Mixed Platforms
		Release|Any CPU = Release|Any CPU
		Release|iPhone = Release|iPhone
		Release|iPhoneSimulator = Release|iPhoneSimulator
		Release|Mixed Platforms = Release|Mixed Platforms
	EndGlobalSection
	GlobalSection(ProjectConfigurationPlatforms) = postSolution
		{25E041F1-2983-42E3-A02B-9A844304481D}.Ad-Hoc|Any CPU.ActiveCfg = Release|Any CPU
		{25E041F1-2983-42E3-A02B-9A844304481D}.Ad-Hoc|Any CPU.Build.0 = Release|Any CPU
		{25E041F1-2983-42E3-A02B-9A844304481D}.Ad-Hoc|iPhone.ActiveCfg = Release|Any CPU
		{25E041F1-2983-42E3-A02B-9A844304481D}.Ad-Hoc|iPhoneSimulator.ActiveCfg = Release|Any CPU
		{25E041F1-2983-42E3-A02B-9A844304481D}.Ad-Hoc|Mixed Platforms.ActiveCfg = Release|Any CPU
		{25E041F1-2983-42E3-A02B-9A844304481D}.Ad-Hoc|Mixed Platforms.Build.0 = Release|Any CPU
		{25E041F1-2983-42E3-A02B-9A844304481D}.AppStore|Any CPU.ActiveCfg = Release|Any CPU
		{25E041F1-2983-42E3-A02B-9A844304481D}.AppStore|Any CPU.Build.0 = Release|Any CPU
		{25E041F1-2983-42E3-A02B-9A844304481D}.AppStore|iPhone.ActiveCfg = Release|Any CPU
		{25E041F1-2983-42E3-A02B-9A844304481D}.AppStore|iPhoneSimulator.ActiveCfg = Release|Any CPU
		{25E041F1-2983-42E3-A02B-9A844304481D}.AppStore|Mixed Platforms.ActiveCfg = Release|Any CPU
		{25E041F1-2983-42E3-A02B-9A844304481D}.AppStore|Mixed Platforms.Build.0 = Release|Any CPU
		{25E041F1-2983-42E3-A02B-9A844304481D}.Debug|Any CPU.ActiveCfg = Debug|Any CPU
		{25E041F1-2983-42E3-A02B-9A844304481D}.Debug|Any CPU.Build.0 = Debug|Any CPU
		{25E041F1-2983-42E3-A02B-9A844304481D}.Debug|iPhone.ActiveCfg = Debug|Any CPU
		{25E041F1-2983-42E3-A02B-9A844304481D}.Debug|iPhoneSimulator.ActiveCfg = Debug|Any CPU
		{25E041F1-2983-42E3-A02B-9A844304481D}.Debug|Mixed Platforms.ActiveCfg = Debug|Any CPU
		{25E041F1-2983-42E3-A02B-9A844304481D}.Debug|Mixed Platforms.Build.0 = Debug|Any CPU
		{25E041F1-2983-42E3-A02B-9A844304481D}.Release|Any CPU.ActiveCfg = Release|Any CPU
		{25E041F1-2983-42E3-A02B-9A844304481D}.Release|Any CPU.Build.0 = Release|Any CPU
		{25E041F1-2983-42E3-A02B-9A844304481D}.Release|iPhone.ActiveCfg = Release|Any CPU
		{25E041F1-2983-42E3-A02B-9A844304481D}.Release|iPhoneSimulator.ActiveCfg = Release|Any CPU
		{25E041F1-2983-42E3-A02B-9A844304481D}.Release|Mixed Platforms.ActiveCfg = Release|Any CPU
		{25E041F1-2983-42E3-A02B-9A844304481D}.Release|Mixed Platforms.Build.0 = Release|Any CPU
		{6C536317-0885-47C2-B645-FF8F7E79C36B}.Ad-Hoc|Any CPU.ActiveCfg = Release|Any CPU
		{6C536317-0885-47C2-B645-FF8F7E79C36B}.Ad-Hoc|Any CPU.Build.0 = Release|Any CPU
		{6C536317-0885-47C2-B645-FF8F7E79C36B}.Ad-Hoc|Any CPU.Deploy.0 = Release|Any CPU
		{6C536317-0885-47C2-B645-FF8F7E79C36B}.Ad-Hoc|iPhone.ActiveCfg = Release|Any CPU
		{6C536317-0885-47C2-B645-FF8F7E79C36B}.Ad-Hoc|iPhoneSimulator.ActiveCfg = Release|Any CPU
		{6C536317-0885-47C2-B645-FF8F7E79C36B}.Ad-Hoc|Mixed Platforms.ActiveCfg = Release|Any CPU
		{6C536317-0885-47C2-B645-FF8F7E79C36B}.Ad-Hoc|Mixed Platforms.Build.0 = Release|Any CPU
		{6C536317-0885-47C2-B645-FF8F7E79C36B}.Ad-Hoc|Mixed Platforms.Deploy.0 = Release|Any CPU
		{6C536317-0885-47C2-B645-FF8F7E79C36B}.AppStore|Any CPU.ActiveCfg = Release|Any CPU
		{6C536317-0885-47C2-B645-FF8F7E79C36B}.AppStore|Any CPU.Build.0 = Release|Any CPU
		{6C536317-0885-47C2-B645-FF8F7E79C36B}.AppStore|Any CPU.Deploy.0 = Release|Any CPU
		{6C536317-0885-47C2-B645-FF8F7E79C36B}.AppStore|iPhone.ActiveCfg = Release|Any CPU
		{6C536317-0885-47C2-B645-FF8F7E79C36B}.AppStore|iPhoneSimulator.ActiveCfg = Release|Any CPU
		{6C536317-0885-47C2-B645-FF8F7E79C36B}.AppStore|Mixed Platforms.ActiveCfg = Release|Any CPU
		{6C536317-0885-47C2-B645-FF8F7E79C36B}.AppStore|Mixed Platforms.Build.0 = Release|Any CPU
		{6C536317-0885-47C2-B645-FF8F7E79C36B}.AppStore|Mixed Platforms.Deploy.0 = Release|Any CPU
		{6C536317-0885-47C2-B645-FF8F7E79C36B}.Debug|Any CPU.ActiveCfg = Debug|Any CPU
		{6C536317-0885-47C2-B645-FF8F7E79C36B}.Debug|Any CPU.Build.0 = Debug|Any CPU
		{6C536317-0885-47C2-B645-FF8F7E79C36B}.Debug|Any CPU.Deploy.0 = Debug|Any CPU
		{6C536317-0885-47C2-B645-FF8F7E79C36B}.Debug|iPhone.ActiveCfg = Debug|Any CPU
		{6C536317-0885-47C2-B645-FF8F7E79C36B}.Debug|iPhoneSimulator.ActiveCfg = Debug|Any CPU
		{6C536317-0885-47C2-B645-FF8F7E79C36B}.Debug|Mixed Platforms.ActiveCfg = Debug|Any CPU
		{6C536317-0885-47C2-B645-FF8F7E79C36B}.Debug|Mixed Platforms.Build.0 = Debug|Any CPU
		{6C536317-0885-47C2-B645-FF8F7E79C36B}.Debug|Mixed Platforms.Deploy.0 = Debug|Any CPU
		{6C536317-0885-47C2-B645-FF8F7E79C36B}.Release|Any CPU.ActiveCfg = Release|Any CPU
		{6C536317-0885-47C2-B645-FF8F7E79C36B}.Release|Any CPU.Build.0 = Release|Any CPU
		{6C536317-0885-47C2-B645-FF8F7E79C36B}.Release|Any CPU.Deploy.0 = Release|Any CPU
		{6C536317-0885-47C2-B645-FF8F7E79C36B}.Release|iPhone.ActiveCfg = Release|Any CPU
		{6C536317-0885-47C2-B645-FF8F7E79C36B}.Release|iPhoneSimulator.ActiveCfg = Release|Any CPU
		{6C536317-0885-47C2-B645-FF8F7E79C36B}.Release|Mixed Platforms.ActiveCfg = Release|Any CPU
		{6C536317-0885-47C2-B645-FF8F7E79C36B}.Release|Mixed Platforms.Build.0 = Release|Any CPU
		{6C536317-0885-47C2-B645-FF8F7E79C36B}.Release|Mixed Platforms.Deploy.0 = Release|Any CPU
		{240CBD93-3651-4709-9839-1FB6375E403B}.Ad-Hoc|Any CPU.ActiveCfg = Ad-Hoc|iPhone
		{240CBD93-3651-4709-9839-1FB6375E403B}.Ad-Hoc|iPhone.ActiveCfg = Ad-Hoc|iPhone
		{240CBD93-3651-4709-9839-1FB6375E403B}.Ad-Hoc|iPhone.Build.0 = Ad-Hoc|iPhone
		{240CBD93-3651-4709-9839-1FB6375E403B}.Ad-Hoc|iPhone.Deploy.0 = Ad-Hoc|iPhone
		{240CBD93-3651-4709-9839-1FB6375E403B}.Ad-Hoc|iPhoneSimulator.ActiveCfg = Ad-Hoc|iPhoneSimulator
		{240CBD93-3651-4709-9839-1FB6375E403B}.Ad-Hoc|iPhoneSimulator.Build.0 = Ad-Hoc|iPhoneSimulator
		{240CBD93-3651-4709-9839-1FB6375E403B}.Ad-Hoc|iPhoneSimulator.Deploy.0 = Ad-Hoc|iPhoneSimulator
		{240CBD93-3651-4709-9839-1FB6375E403B}.Ad-Hoc|Mixed Platforms.ActiveCfg = Ad-Hoc|iPhone
		{240CBD93-3651-4709-9839-1FB6375E403B}.Ad-Hoc|Mixed Platforms.Build.0 = Ad-Hoc|iPhone
		{240CBD93-3651-4709-9839-1FB6375E403B}.Ad-Hoc|Mixed Platforms.Deploy.0 = Ad-Hoc|iPhone
		{240CBD93-3651-4709-9839-1FB6375E403B}.AppStore|Any CPU.ActiveCfg = AppStore|iPhone
		{240CBD93-3651-4709-9839-1FB6375E403B}.AppStore|iPhone.ActiveCfg = AppStore|iPhone
		{240CBD93-3651-4709-9839-1FB6375E403B}.AppStore|iPhone.Build.0 = AppStore|iPhone
		{240CBD93-3651-4709-9839-1FB6375E403B}.AppStore|iPhone.Deploy.0 = AppStore|iPhone
		{240CBD93-3651-4709-9839-1FB6375E403B}.AppStore|iPhoneSimulator.ActiveCfg = AppStore|iPhoneSimulator
		{240CBD93-3651-4709-9839-1FB6375E403B}.AppStore|iPhoneSimulator.Build.0 = AppStore|iPhoneSimulator
		{240CBD93-3651-4709-9839-1FB6375E403B}.AppStore|iPhoneSimulator.Deploy.0 = AppStore|iPhoneSimulator
		{240CBD93-3651-4709-9839-1FB6375E403B}.AppStore|Mixed Platforms.ActiveCfg = AppStore|iPhone
		{240CBD93-3651-4709-9839-1FB6375E403B}.AppStore|Mixed Platforms.Build.0 = AppStore|iPhone
		{240CBD93-3651-4709-9839-1FB6375E403B}.AppStore|Mixed Platforms.Deploy.0 = AppStore|iPhone
		{240CBD93-3651-4709-9839-1FB6375E403B}.Debug|Any CPU.ActiveCfg = Debug|iPhone
		{240CBD93-3651-4709-9839-1FB6375E403B}.Debug|iPhone.ActiveCfg = Debug|iPhone
		{240CBD93-3651-4709-9839-1FB6375E403B}.Debug|iPhone.Build.0 = Debug|iPhone
		{240CBD93-3651-4709-9839-1FB6375E403B}.Debug|iPhone.Deploy.0 = Debug|iPhone
		{240CBD93-3651-4709-9839-1FB6375E403B}.Debug|iPhoneSimulator.ActiveCfg = Debug|iPhoneSimulator
		{240CBD93-3651-4709-9839-1FB6375E403B}.Debug|iPhoneSimulator.Build.0 = Debug|iPhoneSimulator
		{240CBD93-3651-4709-9839-1FB6375E403B}.Debug|iPhoneSimulator.Deploy.0 = Debug|iPhoneSimulator
		{240CBD93-3651-4709-9839-1FB6375E403B}.Debug|Mixed Platforms.ActiveCfg = Debug|iPhone
		{240CBD93-3651-4709-9839-1FB6375E403B}.Debug|Mixed Platforms.Build.0 = Debug|iPhone
		{240CBD93-3651-4709-9839-1FB6375E403B}.Debug|Mixed Platforms.Deploy.0 = Debug|iPhone
		{240CBD93-3651-4709-9839-1FB6375E403B}.Release|Any CPU.ActiveCfg = Release|iPhone
		{240CBD93-3651-4709-9839-1FB6375E403B}.Release|iPhone.ActiveCfg = Release|iPhone
		{240CBD93-3651-4709-9839-1FB6375E403B}.Release|iPhone.Build.0 = Release|iPhone
		{240CBD93-3651-4709-9839-1FB6375E403B}.Release|iPhone.Deploy.0 = Release|iPhone
		{240CBD93-3651-4709-9839-1FB6375E403B}.Release|iPhoneSimulator.ActiveCfg = Release|iPhoneSimulator
		{240CBD93-3651-4709-9839-1FB6375E403B}.Release|iPhoneSimulator.Build.0 = Release|iPhoneSimulator
		{240CBD93-3651-4709-9839-1FB6375E403B}.Release|iPhoneSimulator.Deploy.0 = Release|iPhoneSimulator
		{240CBD93-3651-4709-9839-1FB6375E403B}.Release|Mixed Platforms.ActiveCfg = Release|iPhone
		{240CBD93-3651-4709-9839-1FB6375E403B}.Release|Mixed Platforms.Build.0 = Release|iPhone
		{240CBD93-3651-4709-9839-1FB6375E403B}.Release|Mixed Platforms.Deploy.0 = Release|iPhone
	EndGlobalSection
	GlobalSection(SolutionProperties) = preSolution
		HideSolutionNode = FALSE
	EndGlobalSection
EndGlobal
